// !$*UTF8*$!
{
	archiveVersion = 1;
	classes = {
	};
	objectVersion = 56;
	objects = {

/* Begin PBXBuildFile section */
		8426971029E23FB8007F7CF5 /* AppDelegate.swift in Sources */ = {isa = PBXBuildFile; fileRef = 8426970F29E23FB8007F7CF5 /* AppDelegate.swift */; };
		8426971229E23FB8007F7CF5 /* SceneDelegate.swift in Sources */ = {isa = PBXBuildFile; fileRef = 8426971129E23FB8007F7CF5 /* SceneDelegate.swift */; };
		8426971429E23FB8007F7CF5 /* ViewController.swift in Sources */ = {isa = PBXBuildFile; fileRef = 8426971329E23FB8007F7CF5 /* ViewController.swift */; };
		8426971729E23FB8007F7CF5 /* Main.storyboard in Resources */ = {isa = PBXBuildFile; fileRef = 8426971529E23FB8007F7CF5 /* Main.storyboard */; };
		8426971929E23FBA007F7CF5 /* Assets.xcassets in Resources */ = {isa = PBXBuildFile; fileRef = 8426971829E23FBA007F7CF5 /* Assets.xcassets */; };
		8426971C29E23FBA007F7CF5 /* LaunchScreen.storyboard in Resources */ = {isa = PBXBuildFile; fileRef = 8426971A29E23FBA007F7CF5 /* LaunchScreen.storyboard */; };
		8426972729E23FBA007F7CF5 /* PresentationAppTests.swift in Sources */ = {isa = PBXBuildFile; fileRef = 8426972629E23FBA007F7CF5 /* PresentationAppTests.swift */; };
		8426973129E23FBA007F7CF5 /* PresentationAppUITests.swift in Sources */ = {isa = PBXBuildFile; fileRef = 8426973029E23FBA007F7CF5 /* PresentationAppUITests.swift */; };
		8426973329E23FBA007F7CF5 /* PresentationAppUITestsLaunchTests.swift in Sources */ = {isa = PBXBuildFile; fileRef = 8426973229E23FBA007F7CF5 /* PresentationAppUITestsLaunchTests.swift */; };
/* End PBXBuildFile section */

/* Begin PBXContainerItemProxy section */
		8426972329E23FBA007F7CF5 /* PBXContainerItemProxy */ = {
			isa = PBXContainerItemProxy;
			containerPortal = 8426970429E23FB8007F7CF5 /* Project object */;
			proxyType = 1;
			remoteGlobalIDString = 8426970B29E23FB8007F7CF5;
			remoteInfo = PresentationApp;
		};
		8426972D29E23FBA007F7CF5 /* PBXContainerItemProxy */ = {
			isa = PBXContainerItemProxy;
			containerPortal = 8426970429E23FB8007F7CF5 /* Project object */;
			proxyType = 1;
			remoteGlobalIDString = 8426970B29E23FB8007F7CF5;
			remoteInfo = PresentationApp;
		};
/* End PBXContainerItemProxy section */

/* Begin PBXFileReference section */
		8426970C29E23FB8007F7CF5 /* PresentationApp.app */ = {isa = PBXFileReference; explicitFileType = wrapper.application; includeInIndex = 0; path = PresentationApp.app; sourceTree = BUILT_PRODUCTS_DIR; };
		8426970F29E23FB8007F7CF5 /* AppDelegate.swift */ = {isa = PBXFileReference; lastKnownFileType = sourcecode.swift; path = AppDelegate.swift; sourceTree = "<group>"; };
		8426971129E23FB8007F7CF5 /* SceneDelegate.swift */ = {isa = PBXFileReference; lastKnownFileType = sourcecode.swift; path = SceneDelegate.swift; sourceTree = "<group>"; };
		8426971329E23FB8007F7CF5 /* ViewController.swift */ = {isa = PBXFileReference; lastKnownFileType = sourcecode.swift; path = ViewController.swift; sourceTree = "<group>"; };
		8426971629E23FB8007F7CF5 /* Base */ = {isa = PBXFileReference; lastKnownFileType = file.storyboard; name = Base; path = Base.lproj/Main.storyboard; sourceTree = "<group>"; };
		8426971829E23FBA007F7CF5 /* Assets.xcassets */ = {isa = PBXFileReference; lastKnownFileType = folder.assetcatalog; path = Assets.xcassets; sourceTree = "<group>"; };
		8426971B29E23FBA007F7CF5 /* Base */ = {isa = PBXFileReference; lastKnownFileType = file.storyboard; name = Base; path = Base.lproj/LaunchScreen.storyboard; sourceTree = "<group>"; };
		8426971D29E23FBA007F7CF5 /* Info.plist */ = {isa = PBXFileReference; lastKnownFileType = text.plist.xml; path = Info.plist; sourceTree = "<group>"; };
		8426972229E23FBA007F7CF5 /* PresentationAppTests.xctest */ = {isa = PBXFileReference; explicitFileType = wrapper.cfbundle; includeInIndex = 0; path = PresentationAppTests.xctest; sourceTree = BUILT_PRODUCTS_DIR; };
		8426972629E23FBA007F7CF5 /* PresentationAppTests.swift */ = {isa = PBXFileReference; lastKnownFileType = sourcecode.swift; path = PresentationAppTests.swift; sourceTree = "<group>"; };
		8426972C29E23FBA007F7CF5 /* PresentationAppUITests.xctest */ = {isa = PBXFileReference; explicitFileType = wrapper.cfbundle; includeInIndex = 0; path = PresentationAppUITests.xctest; sourceTree = BUILT_PRODUCTS_DIR; };
		8426973029E23FBA007F7CF5 /* PresentationAppUITests.swift */ = {isa = PBXFileReference; lastKnownFileType = sourcecode.swift; path = PresentationAppUITests.swift; sourceTree = "<group>"; };
		8426973229E23FBA007F7CF5 /* PresentationAppUITestsLaunchTests.swift */ = {isa = PBXFileReference; lastKnownFileType = sourcecode.swift; path = PresentationAppUITestsLaunchTests.swift; sourceTree = "<group>"; };
/* End PBXFileReference section */

/* Begin PBXFrameworksBuildPhase section */
		8426970929E23FB8007F7CF5 /* Frameworks */ = {
			isa = PBXFrameworksBuildPhase;
			buildActionMask = 2147483647;
			files = (
			);
			runOnlyForDeploymentPostprocessing = 0;
		};
		8426971F29E23FBA007F7CF5 /* Frameworks */ = {
			isa = PBXFrameworksBuildPhase;
			buildActionMask = 2147483647;
			files = (
			);
			runOnlyForDeploymentPostprocessing = 0;
		};
		8426972929E23FBA007F7CF5 /* Frameworks */ = {
			isa = PBXFrameworksBuildPhase;
			buildActionMask = 2147483647;
			files = (
			);
			runOnlyForDeploymentPostprocessing = 0;
		};
/* End PBXFrameworksBuildPhase section */

/* Begin PBXGroup section */
		8426970329E23FB8007F7CF5 = {
			isa = PBXGroup;
			children = (
				8426970E29E23FB8007F7CF5 /* PresentationApp */,
				8426972529E23FBA007F7CF5 /* PresentationAppTests */,
				8426972F29E23FBA007F7CF5 /* PresentationAppUITests */,
				8426970D29E23FB8007F7CF5 /* Products */,
			);
			sourceTree = "<group>";
		};
		8426970D29E23FB8007F7CF5 /* Products */ = {
			isa = PBXGroup;
			children = (
				8426970C29E23FB8007F7CF5 /* PresentationApp.app */,
				8426972229E23FBA007F7CF5 /* PresentationAppTests.xctest */,
				8426972C29E23FBA007F7CF5 /* PresentationAppUITests.xctest */,
			);
			name = Products;
			sourceTree = "<group>";
		};
		8426970E29E23FB8007F7CF5 /* PresentationApp */ = {
			isa = PBXGroup;
			children = (
				8426970F29E23FB8007F7CF5 /* AppDelegate.swift */,
				8426971129E23FB8007F7CF5 /* SceneDelegate.swift */,
				8426971329E23FB8007F7CF5 /* ViewController.swift */,
				8426971529E23FB8007F7CF5 /* Main.storyboard */,
				8426971829E23FBA007F7CF5 /* Assets.xcassets */,
				8426971A29E23FBA007F7CF5 /* LaunchScreen.storyboard */,
				8426971D29E23FBA007F7CF5 /* Info.plist */,
			);
			path = PresentationApp;
			sourceTree = "<group>";
		};
		8426972529E23FBA007F7CF5 /* PresentationAppTests */ = {
			isa = PBXGroup;
			children = (
				8426972629E23FBA007F7CF5 /* PresentationAppTests.swift */,
			);
			path = PresentationAppTests;
			sourceTree = "<group>";
		};
		8426972F29E23FBA007F7CF5 /* PresentationAppUITests */ = {
			isa = PBXGroup;
			children = (
				8426973029E23FBA007F7CF5 /* PresentationAppUITests.swift */,
				8426973229E23FBA007F7CF5 /* PresentationAppUITestsLaunchTests.swift */,
			);
			path = PresentationAppUITests;
			sourceTree = "<group>";
		};
/* End PBXGroup section */

/* Begin PBXNativeTarget section */
		8426970B29E23FB8007F7CF5 /* PresentationApp */ = {
			isa = PBXNativeTarget;
			buildConfigurationList = 8426973629E23FBA007F7CF5 /* Build configuration list for PBXNativeTarget "PresentationApp" */;
			buildPhases = (
				8426970829E23FB8007F7CF5 /* Sources */,
				8426970929E23FB8007F7CF5 /* Frameworks */,
				8426970A29E23FB8007F7CF5 /* Resources */,
			);
			buildRules = (
			);
			dependencies = (
			);
			name = PresentationApp;
			productName = PresentationApp;
			productReference = 8426970C29E23FB8007F7CF5 /* PresentationApp.app */;
			productType = "com.apple.product-type.application";
		};
		8426972129E23FBA007F7CF5 /* PresentationAppTests */ = {
			isa = PBXNativeTarget;
			buildConfigurationList = 8426973929E23FBA007F7CF5 /* Build configuration list for PBXNativeTarget "PresentationAppTests" */;
			buildPhases = (
				8426971E29E23FBA007F7CF5 /* Sources */,
				8426971F29E23FBA007F7CF5 /* Frameworks */,
				8426972029E23FBA007F7CF5 /* Resources */,
			);
			buildRules = (
			);
			dependencies = (
				8426972429E23FBA007F7CF5 /* PBXTargetDependency */,
			);
			name = PresentationAppTests;
			productName = PresentationAppTests;
			productReference = 8426972229E23FBA007F7CF5 /* PresentationAppTests.xctest */;
			productType = "com.apple.product-type.bundle.unit-test";
		};
		8426972B29E23FBA007F7CF5 /* PresentationAppUITests */ = {
			isa = PBXNativeTarget;
			buildConfigurationList = 8426973C29E23FBA007F7CF5 /* Build configuration list for PBXNativeTarget "PresentationAppUITests" */;
			buildPhases = (
				8426972829E23FBA007F7CF5 /* Sources */,
				8426972929E23FBA007F7CF5 /* Frameworks */,
				8426972A29E23FBA007F7CF5 /* Resources */,
			);
			buildRules = (
			);
			dependencies = (
				8426972E29E23FBA007F7CF5 /* PBXTargetDependency */,
			);
			name = PresentationAppUITests;
			productName = PresentationAppUITests;
			productReference = 8426972C29E23FBA007F7CF5 /* PresentationAppUITests.xctest */;
			productType = "com.apple.product-type.bundle.ui-testing";
		};
/* End PBXNativeTarget section */

/* Begin PBXProject section */
		8426970429E23FB8007F7CF5 /* Project object */ = {
			isa = PBXProject;
			attributes = {
				BuildIndependentTargetsInParallel = 1;
				LastSwiftUpdateCheck = 1420;
				LastUpgradeCheck = 1420;
				TargetAttributes = {
					8426970B29E23FB8007F7CF5 = {
						CreatedOnToolsVersion = 14.2;
					};
					8426972129E23FBA007F7CF5 = {
						CreatedOnToolsVersion = 14.2;
						TestTargetID = 8426970B29E23FB8007F7CF5;
					};
					8426972B29E23FBA007F7CF5 = {
						CreatedOnToolsVersion = 14.2;
						TestTargetID = 8426970B29E23FB8007F7CF5;
					};
				};
			};
			buildConfigurationList = 8426970729E23FB8007F7CF5 /* Build configuration list for PBXProject "PresentationApp" */;
			compatibilityVersion = "Xcode 14.0";
			developmentRegion = en;
			hasScannedForEncodings = 0;
			knownRegions = (
				en,
				Base,
			);
			mainGroup = 8426970329E23FB8007F7CF5;
			productRefGroup = 8426970D29E23FB8007F7CF5 /* Products */;
			projectDirPath = "";
			projectRoot = "";
			targets = (
				8426970B29E23FB8007F7CF5 /* PresentationApp */,
				8426972129E23FBA007F7CF5 /* PresentationAppTests */,
				8426972B29E23FBA007F7CF5 /* PresentationAppUITests */,
			);
		};
/* End PBXProject section */

/* Begin PBXResourcesBuildPhase section */
		8426970A29E23FB8007F7CF5 /* Resources */ = {
			isa = PBXResourcesBuildPhase;
			buildActionMask = 2147483647;
			files = (
				8426971C29E23FBA007F7CF5 /* LaunchScreen.storyboard in Resources */,
				8426971929E23FBA007F7CF5 /* Assets.xcassets in Resources */,
				8426971729E23FB8007F7CF5 /* Main.storyboard in Resources */,
			);
			runOnlyForDeploymentPostprocessing = 0;
		};
		8426972029E23FBA007F7CF5 /* Resources */ = {
			isa = PBXResourcesBuildPhase;
			buildActionMask = 2147483647;
			files = (
			);
			runOnlyForDeploymentPostprocessing = 0;
		};
		8426972A29E23FBA007F7CF5 /* Resources */ = {
			isa = PBXResourcesBuildPhase;
			buildActionMask = 2147483647;
			files = (
			);
			runOnlyForDeploymentPostprocessing = 0;
		};
/* End PBXResourcesBuildPhase section */

/* Begin PBXSourcesBuildPhase section */
		8426970829E23FB8007F7CF5 /* Sources */ = {
			isa = PBXSourcesBuildPhase;
			buildActionMask = 2147483647;
			files = (
				8426971429E23FB8007F7CF5 /* ViewController.swift in Sources */,
				8426971029E23FB8007F7CF5 /* AppDelegate.swift in Sources */,
				8426971229E23FB8007F7CF5 /* SceneDelegate.swift in Sources */,
			);
			runOnlyForDeploymentPostprocessing = 0;
		};
		8426971E29E23FBA007F7CF5 /* Sources */ = {
			isa = PBXSourcesBuildPhase;
			buildActionMask = 2147483647;
			files = (
				8426972729E23FBA007F7CF5 /* PresentationAppTests.swift in Sources */,
			);
			runOnlyForDeploymentPostprocessing = 0;
		};
		8426972829E23FBA007F7CF5 /* Sources */ = {
			isa = PBXSourcesBuildPhase;
			buildActionMask = 2147483647;
			files = (
				8426973329E23FBA007F7CF5 /* PresentationAppUITestsLaunchTests.swift in Sources */,
				8426973129E23FBA007F7CF5 /* PresentationAppUITests.swift in Sources */,
			);
			runOnlyForDeploymentPostprocessing = 0;
		};
/* End PBXSourcesBuildPhase section */

/* Begin PBXTargetDependency section */
		8426972429E23FBA007F7CF5 /* PBXTargetDependency */ = {
			isa = PBXTargetDependency;
			target = 8426970B29E23FB8007F7CF5 /* PresentationApp */;
			targetProxy = 8426972329E23FBA007F7CF5 /* PBXContainerItemProxy */;
		};
		8426972E29E23FBA007F7CF5 /* PBXTargetDependency */ = {
			isa = PBXTargetDependency;
			target = 8426970B29E23FB8007F7CF5 /* PresentationApp */;
			targetProxy = 8426972D29E23FBA007F7CF5 /* PBXContainerItemProxy */;
		};
/* End PBXTargetDependency section */

/* Begin PBXVariantGroup section */
		8426971529E23FB8007F7CF5 /* Main.storyboard */ = {
			isa = PBXVariantGroup;
			children = (
				8426971629E23FB8007F7CF5 /* Base */,
			);
			name = Main.storyboard;
			sourceTree = "<group>";
		};
		8426971A29E23FBA007F7CF5 /* LaunchScreen.storyboard */ = {
			isa = PBXVariantGroup;
			children = (
				8426971B29E23FBA007F7CF5 /* Base */,
			);
			name = LaunchScreen.storyboard;
			sourceTree = "<group>";
		};
/* End PBXVariantGroup section */

/* Begin XCBuildConfiguration section */
		8426973429E23FBA007F7CF5 /* Debug */ = {
			isa = XCBuildConfiguration;
			buildSettings = {
				ALWAYS_SEARCH_USER_PATHS = NO;
				CLANG_ANALYZER_NONNULL = YES;
				CLANG_ANALYZER_NUMBER_OBJECT_CONVERSION = YES_AGGRESSIVE;
				CLANG_CXX_LANGUAGE_STANDARD = "gnu++20";
				CLANG_ENABLE_MODULES = YES;
				CLANG_ENABLE_OBJC_ARC = YES;
				CLANG_ENABLE_OBJC_WEAK = YES;
				CLANG_WARN_BLOCK_CAPTURE_AUTORELEASING = YES;
				CLANG_WARN_BOOL_CONVERSION = YES;
				CLANG_WARN_COMMA = YES;
				CLANG_WARN_CONSTANT_CONVERSION = YES;
				CLANG_WARN_DEPRECATED_OBJC_IMPLEMENTATIONS = YES;
				CLANG_WARN_DIRECT_OBJC_ISA_USAGE = YES_ERROR;
				CLANG_WARN_DOCUMENTATION_COMMENTS = YES;
				CLANG_WARN_EMPTY_BODY = YES;
				CLANG_WARN_ENUM_CONVERSION = YES;
				CLANG_WARN_INFINITE_RECURSION = YES;
				CLANG_WARN_INT_CONVERSION = YES;
				CLANG_WARN_NON_LITERAL_NULL_CONVERSION = YES;
				CLANG_WARN_OBJC_IMPLICIT_RETAIN_SELF = YES;
				CLANG_WARN_OBJC_LITERAL_CONVERSION = YES;
				CLANG_WARN_OBJC_ROOT_CLASS = YES_ERROR;
				CLANG_WARN_QUOTED_INCLUDE_IN_FRAMEWORK_HEADER = YES;
				CLANG_WARN_RANGE_LOOP_ANALYSIS = YES;
				CLANG_WARN_STRICT_PROTOTYPES = YES;
				CLANG_WARN_SUSPICIOUS_MOVE = YES;
				CLANG_WARN_UNGUARDED_AVAILABILITY = YES_AGGRESSIVE;
				CLANG_WARN_UNREACHABLE_CODE = YES;
				CLANG_WARN__DUPLICATE_METHOD_MATCH = YES;
				COPY_PHASE_STRIP = NO;
				DEBUG_INFORMATION_FORMAT = dwarf;
				ENABLE_STRICT_OBJC_MSGSEND = YES;
				ENABLE_TESTABILITY = YES;
				GCC_C_LANGUAGE_STANDARD = gnu11;
				GCC_DYNAMIC_NO_PIC = NO;
				GCC_NO_COMMON_BLOCKS = YES;
				GCC_OPTIMIZATION_LEVEL = 0;
				GCC_PREPROCESSOR_DEFINITIONS = (
					"DEBUG=1",
					"$(inherited)",
				);
				GCC_WARN_64_TO_32_BIT_CONVERSION = YES;
				GCC_WARN_ABOUT_RETURN_TYPE = YES_ERROR;
				GCC_WARN_UNDECLARED_SELECTOR = YES;
				GCC_WARN_UNINITIALIZED_AUTOS = YES_AGGRESSIVE;
				GCC_WARN_UNUSED_FUNCTION = YES;
				GCC_WARN_UNUSED_VARIABLE = YES;
				IPHONEOS_DEPLOYMENT_TARGET = 16.2;
				MTL_ENABLE_DEBUG_INFO = INCLUDE_SOURCE;
				MTL_FAST_MATH = YES;
				ONLY_ACTIVE_ARCH = YES;
				SDKROOT = iphoneos;
				SWIFT_ACTIVE_COMPILATION_CONDITIONS = DEBUG;
				SWIFT_OPTIMIZATION_LEVEL = "-Onone";
			};
			name = Debug;
		};
		8426973529E23FBA007F7CF5 /* Release */ = {
			isa = XCBuildConfiguration;
			buildSettings = {
				ALWAYS_SEARCH_USER_PATHS = NO;
				CLANG_ANALYZER_NONNULL = YES;
				CLANG_ANALYZER_NUMBER_OBJECT_CONVERSION = YES_AGGRESSIVE;
				CLANG_CXX_LANGUAGE_STANDARD = "gnu++20";
				CLANG_ENABLE_MODULES = YES;
				CLANG_ENABLE_OBJC_ARC = YES;
				CLANG_ENABLE_OBJC_WEAK = YES;
				CLANG_WARN_BLOCK_CAPTURE_AUTORELEASING = YES;
				CLANG_WARN_BOOL_CONVERSION = YES;
				CLANG_WARN_COMMA = YES;
				CLANG_WARN_CONSTANT_CONVERSION = YES;
				CLANG_WARN_DEPRECATED_OBJC_IMPLEMENTATIONS = YES;
				CLANG_WARN_DIRECT_OBJC_ISA_USAGE = YES_ERROR;
				CLANG_WARN_DOCUMENTATION_COMMENTS = YES;
				CLANG_WARN_EMPTY_BODY = YES;
				CLANG_WARN_ENUM_CONVERSION = YES;
				CLANG_WARN_INFINITE_RECURSION = YES;
				CLANG_WARN_INT_CONVERSION = YES;
				CLANG_WARN_NON_LITERAL_NULL_CONVERSION = YES;
				CLANG_WARN_OBJC_IMPLICIT_RETAIN_SELF = YES;
				CLANG_WARN_OBJC_LITERAL_CONVERSION = YES;
				CLANG_WARN_OBJC_ROOT_CLASS = YES_ERROR;
				CLANG_WARN_QUOTED_INCLUDE_IN_FRAMEWORK_HEADER = YES;
				CLANG_WARN_RANGE_LOOP_ANALYSIS = YES;
				CLANG_WARN_STRICT_PROTOTYPES = YES;
				CLANG_WARN_SUSPICIOUS_MOVE = YES;
				CLANG_WARN_UNGUARDED_AVAILABILITY = YES_AGGRESSIVE;
				CLANG_WARN_UNREACHABLE_CODE = YES;
				CLANG_WARN__DUPLICATE_METHOD_MATCH = YES;
				COPY_PHASE_STRIP = NO;
				DEBUG_INFORMATION_FORMAT = "dwarf-with-dsym";
				ENABLE_NS_ASSERTIONS = NO;
				ENABLE_STRICT_OBJC_MSGSEND = YES;
				GCC_C_LANGUAGE_STANDARD = gnu11;
				GCC_NO_COMMON_BLOCKS = YES;
				GCC_WARN_64_TO_32_BIT_CONVERSION = YES;
				GCC_WARN_ABOUT_RETURN_TYPE = YES_ERROR;
				GCC_WARN_UNDECLARED_SELECTOR = YES;
				GCC_WARN_UNINITIALIZED_AUTOS = YES_AGGRESSIVE;
				GCC_WARN_UNUSED_FUNCTION = YES;
				GCC_WARN_UNUSED_VARIABLE = YES;
				IPHONEOS_DEPLOYMENT_TARGET = 16.2;
				MTL_ENABLE_DEBUG_INFO = NO;
				MTL_FAST_MATH = YES;
				SDKROOT = iphoneos;
				SWIFT_COMPILATION_MODE = wholemodule;
				SWIFT_OPTIMIZATION_LEVEL = "-O";
				VALIDATE_PRODUCT = YES;
			};
			name = Release;
		};
		8426973729E23FBA007F7CF5 /* Debug */ = {
			isa = XCBuildConfiguration;
			buildSettings = {
				ASSETCATALOG_COMPILER_APPICON_NAME = AppIcon;
				ASSETCATALOG_COMPILER_GLOBAL_ACCENT_COLOR_NAME = AccentColor;
				CODE_SIGN_STYLE = Automatic;
				CURRENT_PROJECT_VERSION = 1;
				GENERATE_INFOPLIST_FILE = YES;
				INFOPLIST_FILE = PresentationApp/Info.plist;
				INFOPLIST_KEY_UIApplicationSupportsIndirectInputEvents = YES;
				INFOPLIST_KEY_UILaunchStoryboardName = LaunchScreen;
				INFOPLIST_KEY_UIMainStoryboardFile = Main;
				INFOPLIST_KEY_UISupportedInterfaceOrientations_iPad = "UIInterfaceOrientationPortrait UIInterfaceOrientationPortraitUpsideDown UIInterfaceOrientationLandscapeLeft UIInterfaceOrientationLandscapeRight";
				INFOPLIST_KEY_UISupportedInterfaceOrientations_iPhone = "UIInterfaceOrientationPortrait UIInterfaceOrientationLandscapeLeft UIInterfaceOrientationLandscapeRight";
				LD_RUNPATH_SEARCH_PATHS = (
					"$(inherited)",
					"@executable_path/Frameworks",
				);
				MARKETING_VERSION = 1.0;
				PRODUCT_BUNDLE_IDENTIFIER = com.app.app.PresentationApp;
				PRODUCT_NAME = "$(TARGET_NAME)";
				SWIFT_EMIT_LOC_STRINGS = YES;
				SWIFT_VERSION = 5.0;
				TARGETED_DEVICE_FAMILY = "1,2";
			};
			name = Debug;
		};
		8426973829E23FBA007F7CF5 /* Release */ = {
			isa = XCBuildConfiguration;
			buildSettings = {
				ASSETCATALOG_COMPILER_APPICON_NAME = AppIcon;
				ASSETCATALOG_COMPILER_GLOBAL_ACCENT_COLOR_NAME = AccentColor;
				CODE_SIGN_STYLE = Automatic;
				CURRENT_PROJECT_VERSION = 1;
				GENERATE_INFOPLIST_FILE = YES;
				INFOPLIST_FILE = PresentationApp/Info.plist;
				INFOPLIST_KEY_UIApplicationSupportsIndirectInputEvents = YES;
				INFOPLIST_KEY_UILaunchStoryboardName = LaunchScreen;
				INFOPLIST_KEY_UIMainStoryboardFile = Main;
				INFOPLIST_KEY_UISupportedInterfaceOrientations_iPad = "UIInterfaceOrientationPortrait UIInterfaceOrientationPortraitUpsideDown UIInterfaceOrientationLandscapeLeft UIInterfaceOrientationLandscapeRight";
				INFOPLIST_KEY_UISupportedInterfaceOrientations_iPhone = "UIInterfaceOrientationPortrait UIInterfaceOrientationLandscapeLeft UIInterfaceOrientationLandscapeRight";
				LD_RUNPATH_SEARCH_PATHS = (
					"$(inherited)",
					"@executable_path/Frameworks",
				);
				MARKETING_VERSION = 1.0;
				PRODUCT_BUNDLE_IDENTIFIER = com.app.app.PresentationApp;
				PRODUCT_NAME = "$(TARGET_NAME)";
				SWIFT_EMIT_LOC_STRINGS = YES;
				SWIFT_VERSION = 5.0;
				TARGETED_DEVICE_FAMILY = "1,2";
			};
			name = Release;
		};
		8426973A29E23FBA007F7CF5 /* Debug */ = {
			isa = XCBuildConfiguration;
			buildSettings = {
				ALWAYS_EMBED_SWIFT_STANDARD_LIBRARIES = YES;
				BUNDLE_LOADER = "$(TEST_HOST)";
				CODE_SIGN_STYLE = Automatic;
				CURRENT_PROJECT_VERSION = 1;
				GENERATE_INFOPLIST_FILE = YES;
				IPHONEOS_DEPLOYMENT_TARGET = 16.2;
				MARKETING_VERSION = 1.0;
				PRODUCT_BUNDLE_IDENTIFIER = com.app.app.PresentationAppTests;
				PRODUCT_NAME = "$(TARGET_NAME)";
				SWIFT_EMIT_LOC_STRINGS = NO;
				SWIFT_VERSION = 5.0;
				TARGETED_DEVICE_FAMILY = "1,2";
				TEST_HOST = "$(BUILT_PRODUCTS_DIR)/PresentationApp.app/$(BUNDLE_EXECUTABLE_FOLDER_PATH)/PresentationApp";
			};
			name = Debug;
		};
		8426973B29E23FBA007F7CF5 /* Release */ = {
			isa = XCBuildConfiguration;
			buildSettings = {
				ALWAYS_EMBED_SWIFT_STANDARD_LIBRARIES = YES;
				BUNDLE_LOADER = "$(TEST_HOST)";
				CODE_SIGN_STYLE = Automatic;
				CURRENT_PROJECT_VERSION = 1;
				GENERATE_INFOPLIST_FILE = YES;
				IPHONEOS_DEPLOYMENT_TARGET = 16.2;
				MARKETING_VERSION = 1.0;
				PRODUCT_BUNDLE_IDENTIFIER = com.app.app.PresentationAppTests;
				PRODUCT_NAME = "$(TARGET_NAME)";
				SWIFT_EMIT_LOC_STRINGS = NO;
				SWIFT_VERSION = 5.0;
				TARGETED_DEVICE_FAMILY = "1,2";
				TEST_HOST = "$(BUILT_PRODUCTS_DIR)/PresentationApp.app/$(BUNDLE_EXECUTABLE_FOLDER_PATH)/PresentationApp";
			};
			name = Release;
		};
		8426973D29E23FBA007F7CF5 /* Debug */ = {
			isa = XCBuildConfiguration;
			buildSettings = {
				ALWAYS_EMBED_SWIFT_STANDARD_LIBRARIES = YES;
				CODE_SIGN_STYLE = Automatic;
				CURRENT_PROJECT_VERSION = 1;
				GENERATE_INFOPLIST_FILE = YES;
				MARKETING_VERSION = 1.0;
				PRODUCT_BUNDLE_IDENTIFIER = com.app.app.PresentationAppUITests;
				PRODUCT_NAME = "$(TARGET_NAME)";
				SWIFT_EMIT_LOC_STRINGS = NO;
				SWIFT_VERSION = 5.0;
				TARGETED_DEVICE_FAMILY = "1,2";
				TEST_TARGET_NAME = PresentationApp;
			};
			name = Debug;
		};
		8426973E29E23FBA007F7CF5 /* Release */ = {
			isa = XCBuildConfiguration;
			buildSettings = {
				ALWAYS_EMBED_SWIFT_STANDARD_LIBRARIES = YES;
				CODE_SIGN_STYLE = Automatic;
				CURRENT_PROJECT_VERSION = 1;
				GENERATE_INFOPLIST_FILE = YES;
				MARKETING_VERSION = 1.0;
				PRODUCT_BUNDLE_IDENTIFIER = com.app.app.PresentationAppUITests;
				PRODUCT_NAME = "$(TARGET_NAME)";
				SWIFT_EMIT_LOC_STRINGS = NO;
				SWIFT_VERSION = 5.0;
				TARGETED_DEVICE_FAMILY = "1,2";
				TEST_TARGET_NAME = PresentationApp;
			};
			name = Release;
		};
/* End XCBuildConfiguration section */

/* Begin XCConfigurationList section */
		8426970729E23FB8007F7CF5 /* Build configuration list for PBXProject "PresentationApp" */ = {
			isa = XCConfigurationList;
			buildConfigurations = (
				8426973429E23FBA007F7CF5 /* Debug */,
				8426973529E23FBA007F7CF5 /* Release */,
			);
			defaultConfigurationIsVisible = 0;
			defaultConfigurationName = Release;
		};
		8426973629E23FBA007F7CF5 /* Build configuration list for PBXNativeTarget "PresentationApp" */ = {
			isa = XCConfigurationList;
			buildConfigurations = (
				8426973729E23FBA007F7CF5 /* Debug */,
				8426973829E23FBA007F7CF5 /* Release */,
			);
			defaultConfigurationIsVisible = 0;
			defaultConfigurationName = Release;
		};
		8426973929E23FBA007F7CF5 /* Build configuration list for PBXNativeTarget "PresentationAppTests" */ = {
			isa = XCConfigurationList;
			buildConfigurations = (
				8426973A29E23FBA007F7CF5 /* Debug */,
				8426973B29E23FBA007F7CF5 /* Release */,
			);
			defaultConfigurationIsVisible = 0;
			defaultConfigurationName = Release;
		};
		8426973C29E23FBA007F7CF5 /* Build configuration list for PBXNativeTarget "PresentationAppUITests" */ = {
			isa = XCConfigurationList;
			buildConfigurations = (
				8426973D29E23FBA007F7CF5 /* Debug */,
				8426973E29E23FBA007F7CF5 /* Release */,
			);
			defaultConfigurationIsVisible = 0;
			defaultConfigurationName = Release;
		};
/* End XCConfigurationList section */
	};
	rootObject = 8426970429E23FB8007F7CF5 /* Project object */;
}
